
Microsoft Visual Studio Solution File, Format Version 12.00
# Visual Studio 14
VisualStudioVersion = 14.0.25420.1
MinimumVisualStudioVersion = 10.0.40219.1
Project("{FAE04EC0-301F-11D3-BF4B-00C04F79EFBC}") = "TddKata", "TddKata\TddKata.csproj", "{AB43E8E6-82C0-448D-88AB-44C7D36D865E}"
EndProject
Project("{2150E333-8FDC-42A3-9474-1A3956D46DE8}") = "Solution Items", "Solution Items", "{5415E1F3-87C4-4641-BE37-D338F344B628}"
	ProjectSection(SolutionItems) = preProject
		.gitignore = .gitignore
	EndProjectSection
EndProject
Project("{FAE04EC0-301F-11D3-BF4B-00C04F79EFBC}") = "TddKata.UnitTests", "TddKata.UnitTests\TddKata.UnitTests.csproj", "{9BC54152-DD6F-4586-86DE-36F8679826A0}"
EndProject
Global
	GlobalSection(SolutionConfigurationPlatforms) = preSolution
		Debug|Any CPU = Debug|Any CPU
		Release|Any CPU = Release|Any CPU
	EndGlobalSection
	GlobalSection(ProjectConfigurationPlatforms) = postSolution
		{AB43E8E6-82C0-448D-88AB-44C7D36D865E}.Debug|Any CPU.ActiveCfg = Debug|Any CPU
		{AB43E8E6-82C0-448D-88AB-44C7D36D865E}.Debug|Any CPU.Build.0 = Debug|Any CPU
		{AB43E8E6-82C0-448D-88AB-44C7D36D865E}.Release|Any CPU.ActiveCfg = Release|Any CPU
		{AB43E8E6-82C0-448D-88AB-44C7D36D865E}.Release|Any CPU.Build.0 = Release|Any CPU
		{9BC54152-DD6F-4586-86DE-36F8679826A0}.Debug|Any CPU.ActiveCfg = Debug|Any CPU
		{9BC54152-DD6F-4586-86DE-36F8679826A0}.Debug|Any CPU.Build.0 = Debug|Any CPU
		{9BC54152-DD6F-4586-86DE-36F8679826A0}.Release|Any CPU.ActiveCfg = Release|Any CPU
		{9BC54152-DD6F-4586-86DE-36F8679826A0}.Release|Any CPU.Build.0 = Release|Any CPU
	EndGlobalSection
	GlobalSection(SolutionProperties) = preSolution
		HideSolutionNode = FALSE
	EndGlobalSection
EndGlobal
